
Microsoft Visual Studio Solution File, Format Version 12.00
Project("{FAE04EC0-301F-11D3-BF4B-00C04F79EFBC}") = "Tarea1", "Tarea1\Tarea1.csproj", "{5D838CCB-115A-44DC-9150-3AC86B2357EC}"
EndProject
Global
	GlobalSection(SolutionConfigurationPlatforms) = preSolution
		Debug|Any CPU = Debug|Any CPU
		Release|Any CPU = Release|Any CPU
	EndGlobalSection
	GlobalSection(ProjectConfigurationPlatforms) = postSolution
		{5D838CCB-115A-44DC-9150-3AC86B2357EC}.Debug|Any CPU.ActiveCfg = Debug|Any CPU
		{5D838CCB-115A-44DC-9150-3AC86B2357EC}.Debug|Any CPU.Build.0 = Debug|Any CPU
		{5D838CCB-115A-44DC-9150-3AC86B2357EC}.Release|Any CPU.ActiveCfg = Release|Any CPU
		{5D838CCB-115A-44DC-9150-3AC86B2357EC}.Release|Any CPU.Build.0 = Release|Any CPU
	EndGlobalSection
EndGlobal
